
Microsoft Visual Studio Solution File, Format Version 12.00
# Visual Studio Version 17
VisualStudioVersion = 17.3.32901.215
MinimumVisualStudioVersion = 10.0.40219.1
Project("{FAE04EC0-301F-11D3-BF4B-00C04F79EFBC}") = "Delivery", "Delivery\Delivery.csproj", "{B9ACC02E-1E4C-442B-A973-82F3331B9727}"
EndProject
Global
	GlobalSection(SolutionConfigurationPlatforms) = preSolution
		Debug|Any CPU = Debug|Any CPU
		Release|Any CPU = Release|Any CPU
	EndGlobalSection
	GlobalSection(ProjectConfigurationPlatforms) = postSolution
		{B9ACC02E-1E4C-442B-A973-82F3331B9727}.Debug|Any CPU.ActiveCfg = Debug|Any CPU
		{B9ACC02E-1E4C-442B-A973-82F3331B9727}.Debug|Any CPU.Build.0 = Debug|Any CPU
		{B9ACC02E-1E4C-442B-A973-82F3331B9727}.Release|Any CPU.ActiveCfg = Release|Any CPU
		{B9ACC02E-1E4C-442B-A973-82F3331B9727}.Release|Any CPU.Build.0 = Release|Any CPU
	EndGlobalSection
	GlobalSection(SolutionProperties) = preSolution
		HideSolutionNode = FALSE
	EndGlobalSection
	GlobalSection(ExtensibilityGlobals) = postSolution
		SolutionGuid = {61D7084E-D331-43D2-B7D5-F160E7A891D3}
	EndGlobalSection
EndGlobal
